<Solution>
  <Folder Name="/Docs/">
    <File Path="docker.md" />
    <File Path="Docs/BandwidthDelayProduct.md" />
    <File Path="Docs/TcpCongestionWindow.md" />
    <File Path="Docs/PromptEngineering/BiasVaguenessOverload.md" />
    <File Path="Docs/PromptEngineering/Readme.md" />
  </Folder>
  <Folder Name="/Solution Items/">
    <File Path="Readme.md" />
  </Folder>
</Solution>
